
Microsoft Visual Studio Solution File, Format Version 12.00
# Visual Studio 14
VisualStudioVersion = 14.0.25420.1
MinimumVisualStudioVersion = 10.0.40219.1
Project("{FAE04EC0-301F-11D3-BF4B-00C04F79EFBC}") = "PracticaCodeFirst", "PracticaCodeFirst\PracticaCodeFirst.csproj", "{7013D713-BDAE-42C4-A078-40FD2115A6FD}"
EndProject
Project("{2150E333-8FDC-42A3-9474-1A3956D46DE8}") = "1-Presentacion", "1-Presentacion", "{4DBC2AD3-8F5A-4B12-95F0-F52FEB01A8E9}"
EndProject
Project("{2150E333-8FDC-42A3-9474-1A3956D46DE8}") = "3-Dominio", "3-Dominio", "{8B6756C6-3591-432F-9C54-2A79C9E99DA9}"
EndProject
Project("{2150E333-8FDC-42A3-9474-1A3956D46DE8}") = "4-Infraestructura", "4-Infraestructura", "{F3D00C40-DD68-4D52-BDCA-EEF0053A1F91}"
EndProject
Project("{FAE04EC0-301F-11D3-BF4B-00C04F79EFBC}") = "Contrato", "Contratos\Contrato.csproj", "{F5D490D6-D58D-4471-BCC1-0468B11BA050}"
EndProject
Project("{FAE04EC0-301F-11D3-BF4B-00C04F79EFBC}") = "ReglasNegocio", "ReglasNegocio\ReglasNegocio.csproj", "{45C6CD78-6D9B-4E5C-B4B2-C9AE2FF1C9BB}"
EndProject
Project("{FAE04EC0-301F-11D3-BF4B-00C04F79EFBC}") = "Contexto", "Contexto\Contexto.csproj", "{7A222C1B-6DDB-43E1-80FC-816B27FD6418}"
EndProject
Project("{FAE04EC0-301F-11D3-BF4B-00C04F79EFBC}") = "Repositorio", "Repositorios\Repositorio.csproj", "{AEE02268-0348-4727-99A6-F7366E8A9CBF}"
EndProject
Project("{FAE04EC0-301F-11D3-BF4B-00C04F79EFBC}") = "Entidades", "Entidades\Entidades.csproj", "{0D246F11-D2AE-4694-82A9-D7BDA5605D74}"
EndProject
Project("{2150E333-8FDC-42A3-9474-1A3956D46DE8}") = "2-Aplicacion", "2-Aplicacion", "{40CC6467-9B01-43D0-86E4-EA3F29BD0F90}"
EndProject
Project("{2150E333-8FDC-42A3-9474-1A3956D46DE8}") = "5-Transversal", "5-Transversal", "{23AA9BB1-F3A4-4641-A51E-C08B627F7B10}"
EndProject
Project("{FAE04EC0-301F-11D3-BF4B-00C04F79EFBC}") = "Manejador", "Manejador\Manejador.csproj", "{16B82C90-0B56-45CD-BD3A-1ADD3B36D8C7}"
EndProject
Project("{FAE04EC0-301F-11D3-BF4B-00C04F79EFBC}") = "Servicio", "Servicio\Servicio.csproj", "{25A1105A-8ABD-4ED6-99FB-BFB886AB8062}"
EndProject
Project("{FAE04EC0-301F-11D3-BF4B-00C04F79EFBC}") = "EntidadesDTO", "EntidadesDTO\EntidadesDTO.csproj", "{9E88CC39-12A2-46FD-9A49-B9BB2C54204B}"
EndProject
Project("{FAE04EC0-301F-11D3-BF4B-00C04F79EFBC}") = "Migraciones", "Migraciones\Migraciones.csproj", "{5192480A-DFDD-4517-962A-7B37C226395D}"
EndProject
Project("{FAE04EC0-301F-11D3-BF4B-00C04F79EFBC}") = "Mapa", "Mapa\Mapa.csproj", "{93D6DD1F-1052-4F0B-A369-DD315F6BC34F}"
EndProject
Project("{FAE04EC0-301F-11D3-BF4B-00C04F79EFBC}") = "IoC", "IoC\IoC.csproj", "{138C3814-77A6-4A76-A306-F86B328C1659}"
EndProject
Global
	GlobalSection(SolutionConfigurationPlatforms) = preSolution
		Debug|Any CPU = Debug|Any CPU
		Release|Any CPU = Release|Any CPU
	EndGlobalSection
	GlobalSection(ProjectConfigurationPlatforms) = postSolution
		{7013D713-BDAE-42C4-A078-40FD2115A6FD}.Debug|Any CPU.ActiveCfg = Debug|Any CPU
		{7013D713-BDAE-42C4-A078-40FD2115A6FD}.Debug|Any CPU.Build.0 = Debug|Any CPU
		{7013D713-BDAE-42C4-A078-40FD2115A6FD}.Release|Any CPU.ActiveCfg = Release|Any CPU
		{7013D713-BDAE-42C4-A078-40FD2115A6FD}.Release|Any CPU.Build.0 = Release|Any CPU
		{F5D490D6-D58D-4471-BCC1-0468B11BA050}.Debug|Any CPU.ActiveCfg = Debug|Any CPU
		{F5D490D6-D58D-4471-BCC1-0468B11BA050}.Debug|Any CPU.Build.0 = Debug|Any CPU
		{F5D490D6-D58D-4471-BCC1-0468B11BA050}.Release|Any CPU.ActiveCfg = Release|Any CPU
		{F5D490D6-D58D-4471-BCC1-0468B11BA050}.Release|Any CPU.Build.0 = Release|Any CPU
		{45C6CD78-6D9B-4E5C-B4B2-C9AE2FF1C9BB}.Debug|Any CPU.ActiveCfg = Debug|Any CPU
		{45C6CD78-6D9B-4E5C-B4B2-C9AE2FF1C9BB}.Debug|Any CPU.Build.0 = Debug|Any CPU
		{45C6CD78-6D9B-4E5C-B4B2-C9AE2FF1C9BB}.Release|Any CPU.ActiveCfg = Release|Any CPU
		{45C6CD78-6D9B-4E5C-B4B2-C9AE2FF1C9BB}.Release|Any CPU.Build.0 = Release|Any CPU
		{7A222C1B-6DDB-43E1-80FC-816B27FD6418}.Debug|Any CPU.ActiveCfg = Debug|Any CPU
		{7A222C1B-6DDB-43E1-80FC-816B27FD6418}.Debug|Any CPU.Build.0 = Debug|Any CPU
		{7A222C1B-6DDB-43E1-80FC-816B27FD6418}.Release|Any CPU.ActiveCfg = Release|Any CPU
		{7A222C1B-6DDB-43E1-80FC-816B27FD6418}.Release|Any CPU.Build.0 = Release|Any CPU
		{AEE02268-0348-4727-99A6-F7366E8A9CBF}.Debug|Any CPU.ActiveCfg = Debug|Any CPU
		{AEE02268-0348-4727-99A6-F7366E8A9CBF}.Debug|Any CPU.Build.0 = Debug|Any CPU
		{AEE02268-0348-4727-99A6-F7366E8A9CBF}.Release|Any CPU.ActiveCfg = Release|Any CPU
		{AEE02268-0348-4727-99A6-F7366E8A9CBF}.Release|Any CPU.Build.0 = Release|Any CPU
		{0D246F11-D2AE-4694-82A9-D7BDA5605D74}.Debug|Any CPU.ActiveCfg = Debug|Any CPU
		{0D246F11-D2AE-4694-82A9-D7BDA5605D74}.Debug|Any CPU.Build.0 = Debug|Any CPU
		{0D246F11-D2AE-4694-82A9-D7BDA5605D74}.Release|Any CPU.ActiveCfg = Release|Any CPU
		{0D246F11-D2AE-4694-82A9-D7BDA5605D74}.Release|Any CPU.Build.0 = Release|Any CPU
		{16B82C90-0B56-45CD-BD3A-1ADD3B36D8C7}.Debug|Any CPU.ActiveCfg = Debug|Any CPU
		{16B82C90-0B56-45CD-BD3A-1ADD3B36D8C7}.Debug|Any CPU.Build.0 = Debug|Any CPU
		{16B82C90-0B56-45CD-BD3A-1ADD3B36D8C7}.Release|Any CPU.ActiveCfg = Release|Any CPU
		{16B82C90-0B56-45CD-BD3A-1ADD3B36D8C7}.Release|Any CPU.Build.0 = Release|Any CPU
		{25A1105A-8ABD-4ED6-99FB-BFB886AB8062}.Debug|Any CPU.ActiveCfg = Debug|Any CPU
		{25A1105A-8ABD-4ED6-99FB-BFB886AB8062}.Debug|Any CPU.Build.0 = Debug|Any CPU
		{25A1105A-8ABD-4ED6-99FB-BFB886AB8062}.Release|Any CPU.ActiveCfg = Release|Any CPU
		{25A1105A-8ABD-4ED6-99FB-BFB886AB8062}.Release|Any CPU.Build.0 = Release|Any CPU
		{9E88CC39-12A2-46FD-9A49-B9BB2C54204B}.Debug|Any CPU.ActiveCfg = Debug|Any CPU
		{9E88CC39-12A2-46FD-9A49-B9BB2C54204B}.Debug|Any CPU.Build.0 = Debug|Any CPU
		{9E88CC39-12A2-46FD-9A49-B9BB2C54204B}.Release|Any CPU.ActiveCfg = Release|Any CPU
		{9E88CC39-12A2-46FD-9A49-B9BB2C54204B}.Release|Any CPU.Build.0 = Release|Any CPU
		{5192480A-DFDD-4517-962A-7B37C226395D}.Debug|Any CPU.ActiveCfg = Debug|Any CPU
		{5192480A-DFDD-4517-962A-7B37C226395D}.Debug|Any CPU.Build.0 = Debug|Any CPU
		{5192480A-DFDD-4517-962A-7B37C226395D}.Release|Any CPU.ActiveCfg = Release|Any CPU
		{5192480A-DFDD-4517-962A-7B37C226395D}.Release|Any CPU.Build.0 = Release|Any CPU
		{93D6DD1F-1052-4F0B-A369-DD315F6BC34F}.Debug|Any CPU.ActiveCfg = Debug|Any CPU
		{93D6DD1F-1052-4F0B-A369-DD315F6BC34F}.Debug|Any CPU.Build.0 = Debug|Any CPU
		{93D6DD1F-1052-4F0B-A369-DD315F6BC34F}.Release|Any CPU.ActiveCfg = Release|Any CPU
		{93D6DD1F-1052-4F0B-A369-DD315F6BC34F}.Release|Any CPU.Build.0 = Release|Any CPU
		{138C3814-77A6-4A76-A306-F86B328C1659}.Debug|Any CPU.ActiveCfg = Debug|Any CPU
		{138C3814-77A6-4A76-A306-F86B328C1659}.Debug|Any CPU.Build.0 = Debug|Any CPU
		{138C3814-77A6-4A76-A306-F86B328C1659}.Release|Any CPU.ActiveCfg = Release|Any CPU
		{138C3814-77A6-4A76-A306-F86B328C1659}.Release|Any CPU.Build.0 = Release|Any CPU
	EndGlobalSection
	GlobalSection(SolutionProperties) = preSolution
		HideSolutionNode = FALSE
	EndGlobalSection
	GlobalSection(NestedProjects) = preSolution
		{7013D713-BDAE-42C4-A078-40FD2115A6FD} = {4DBC2AD3-8F5A-4B12-95F0-F52FEB01A8E9}
		{F5D490D6-D58D-4471-BCC1-0468B11BA050} = {8B6756C6-3591-432F-9C54-2A79C9E99DA9}
		{45C6CD78-6D9B-4E5C-B4B2-C9AE2FF1C9BB} = {8B6756C6-3591-432F-9C54-2A79C9E99DA9}
		{7A222C1B-6DDB-43E1-80FC-816B27FD6418} = {F3D00C40-DD68-4D52-BDCA-EEF0053A1F91}
		{AEE02268-0348-4727-99A6-F7366E8A9CBF} = {F3D00C40-DD68-4D52-BDCA-EEF0053A1F91}
		{0D246F11-D2AE-4694-82A9-D7BDA5605D74} = {8B6756C6-3591-432F-9C54-2A79C9E99DA9}
		{16B82C90-0B56-45CD-BD3A-1ADD3B36D8C7} = {40CC6467-9B01-43D0-86E4-EA3F29BD0F90}
		{25A1105A-8ABD-4ED6-99FB-BFB886AB8062} = {40CC6467-9B01-43D0-86E4-EA3F29BD0F90}
		{9E88CC39-12A2-46FD-9A49-B9BB2C54204B} = {40CC6467-9B01-43D0-86E4-EA3F29BD0F90}
		{5192480A-DFDD-4517-962A-7B37C226395D} = {F3D00C40-DD68-4D52-BDCA-EEF0053A1F91}
		{93D6DD1F-1052-4F0B-A369-DD315F6BC34F} = {40CC6467-9B01-43D0-86E4-EA3F29BD0F90}
		{138C3814-77A6-4A76-A306-F86B328C1659} = {F3D00C40-DD68-4D52-BDCA-EEF0053A1F91}
	EndGlobalSection
EndGlobal
